// !$*UTF8*$!
{
	archiveVersion = 1;
	classes = {
	};
	objectVersion = 51;
	objects = {

/* Begin PBXBuildFile section */
		5C14E12A9BB434EAB553E6EF /* Pods_Instagram.framework in Frameworks */ = {isa = PBXBuildFile; fileRef = CCE5963AB27004A5717DFB25 /* Pods_Instagram.framework */; };
		C374760725861633006517CD /* AppDelegate.swift in Sources */ = {isa = PBXBuildFile; fileRef = C374760625861633006517CD /* AppDelegate.swift */; };
		C374760925861633006517CD /* SceneDelegate.swift in Sources */ = {isa = PBXBuildFile; fileRef = C374760825861633006517CD /* SceneDelegate.swift */; };
		C374760B25861633006517CD /* HomeViewController.swift in Sources */ = {isa = PBXBuildFile; fileRef = C374760A25861633006517CD /* HomeViewController.swift */; };
		C374760E25861633006517CD /* Main.storyboard in Resources */ = {isa = PBXBuildFile; fileRef = C374760C25861633006517CD /* Main.storyboard */; };
		C374761025861637006517CD /* Assets.xcassets in Resources */ = {isa = PBXBuildFile; fileRef = C374760F25861637006517CD /* Assets.xcassets */; };
		C374761325861637006517CD /* LaunchScreen.storyboard in Resources */ = {isa = PBXBuildFile; fileRef = C374761125861637006517CD /* LaunchScreen.storyboard */; };
		C374762425861755006517CD /* ExploreViewController.swift in Sources */ = {isa = PBXBuildFile; fileRef = C374762325861755006517CD /* ExploreViewController.swift */; };
		C37476272586176B006517CD /* CameraViewController.swift in Sources */ = {isa = PBXBuildFile; fileRef = C37476262586176B006517CD /* CameraViewController.swift */; };
		C374762A2586178B006517CD /* NotificatitionViewController.swift in Sources */ = {isa = PBXBuildFile; fileRef = C37476292586178B006517CD /* NotificatitionViewController.swift */; };
		C374762D258617A3006517CD /* ProfileViewController.swift in Sources */ = {isa = PBXBuildFile; fileRef = C374762C258617A3006517CD /* ProfileViewController.swift */; };
		C37476342586185D006517CD /* LoginViewController.swift in Sources */ = {isa = PBXBuildFile; fileRef = C37476332586185D006517CD /* LoginViewController.swift */; };
		C374763725861867006517CD /* RegistrationViewController.swift in Sources */ = {isa = PBXBuildFile; fileRef = C374763625861867006517CD /* RegistrationViewController.swift */; };
		C374763A258618C5006517CD /* PostViewController.swift in Sources */ = {isa = PBXBuildFile; fileRef = C3747639258618C5006517CD /* PostViewController.swift */; };
		C374763D258618D4006517CD /* EditProfileViewController.swift in Sources */ = {isa = PBXBuildFile; fileRef = C374763C258618D4006517CD /* EditProfileViewController.swift */; };
		C3747640258618E0006517CD /* SettingViewController.swift in Sources */ = {isa = PBXBuildFile; fileRef = C374763F258618E0006517CD /* SettingViewController.swift */; };
		C3747643258618F5006517CD /* ListViewController.swift in Sources */ = {isa = PBXBuildFile; fileRef = C3747642258618F5006517CD /* ListViewController.swift */; };
		C374764625861909006517CD /* SearchViewController.swift in Sources */ = {isa = PBXBuildFile; fileRef = C374764525861909006517CD /* SearchViewController.swift */; };
		C374764925861912006517CD /* SearchResultViewController.swift in Sources */ = {isa = PBXBuildFile; fileRef = C374764825861912006517CD /* SearchResultViewController.swift */; };
		C374764C2586195A006517CD /* PostEditorViewController.swift in Sources */ = {isa = PBXBuildFile; fileRef = C374764B2586195A006517CD /* PostEditorViewController.swift */; };
		C374764F2586196A006517CD /* PublishPostViewController.swift in Sources */ = {isa = PBXBuildFile; fileRef = C374764E2586196A006517CD /* PublishPostViewController.swift */; };
		C374769C25863C7F006517CD /* GoogleService-Info.plist in Resources */ = {isa = PBXBuildFile; fileRef = C374769B25863C7F006517CD /* GoogleService-Info.plist */; };
		C37476A125863FE3006517CD /* DatabaseManager.swift in Sources */ = {isa = PBXBuildFile; fileRef = C37476A025863FE3006517CD /* DatabaseManager.swift */; };
		C37476A5258640A3006517CD /* AuthManager.swift in Sources */ = {isa = PBXBuildFile; fileRef = C37476A4258640A3006517CD /* AuthManager.swift */; };
		C37476A8258640E8006517CD /* StorageManger.swift in Sources */ = {isa = PBXBuildFile; fileRef = C37476A7258640E8006517CD /* StorageManger.swift */; };
/* End PBXBuildFile section */

/* Begin PBXFileReference section */
		6B3E1FA0307A18FACC9D4644 /* Pods-Instagram.release.xcconfig */ = {isa = PBXFileReference; includeInIndex = 1; lastKnownFileType = text.xcconfig; name = "Pods-Instagram.release.xcconfig"; path = "Target Support Files/Pods-Instagram/Pods-Instagram.release.xcconfig"; sourceTree = "<group>"; };
		9FE4117E1A9A1210971AA77A /* Pods-Instagram.debug.xcconfig */ = {isa = PBXFileReference; includeInIndex = 1; lastKnownFileType = text.xcconfig; name = "Pods-Instagram.debug.xcconfig"; path = "Target Support Files/Pods-Instagram/Pods-Instagram.debug.xcconfig"; sourceTree = "<group>"; };
		C374760325861633006517CD /* Instagram.app */ = {isa = PBXFileReference; explicitFileType = wrapper.application; includeInIndex = 0; path = Instagram.app; sourceTree = BUILT_PRODUCTS_DIR; };
		C374760625861633006517CD /* AppDelegate.swift */ = {isa = PBXFileReference; lastKnownFileType = sourcecode.swift; path = AppDelegate.swift; sourceTree = "<group>"; };
		C374760825861633006517CD /* SceneDelegate.swift */ = {isa = PBXFileReference; lastKnownFileType = sourcecode.swift; path = SceneDelegate.swift; sourceTree = "<group>"; };
		C374760A25861633006517CD /* HomeViewController.swift */ = {isa = PBXFileReference; lastKnownFileType = sourcecode.swift; path = HomeViewController.swift; sourceTree = "<group>"; };
		C374760D25861633006517CD /* Base */ = {isa = PBXFileReference; lastKnownFileType = file.storyboard; name = Base; path = Base.lproj/Main.storyboard; sourceTree = "<group>"; };
		C374760F25861637006517CD /* Assets.xcassets */ = {isa = PBXFileReference; lastKnownFileType = folder.assetcatalog; path = Assets.xcassets; sourceTree = "<group>"; };
		C374761225861637006517CD /* Base */ = {isa = PBXFileReference; lastKnownFileType = file.storyboard; name = Base; path = Base.lproj/LaunchScreen.storyboard; sourceTree = "<group>"; };
		C374761425861637006517CD /* Info.plist */ = {isa = PBXFileReference; lastKnownFileType = text.plist.xml; path = Info.plist; sourceTree = "<group>"; };
		C374762325861755006517CD /* ExploreViewController.swift */ = {isa = PBXFileReference; lastKnownFileType = sourcecode.swift; path = ExploreViewController.swift; sourceTree = "<group>"; };
		C37476262586176B006517CD /* CameraViewController.swift */ = {isa = PBXFileReference; lastKnownFileType = sourcecode.swift; path = CameraViewController.swift; sourceTree = "<group>"; };
		C37476292586178B006517CD /* NotificatitionViewController.swift */ = {isa = PBXFileReference; lastKnownFileType = sourcecode.swift; path = NotificatitionViewController.swift; sourceTree = "<group>"; };
		C374762C258617A3006517CD /* ProfileViewController.swift */ = {isa = PBXFileReference; lastKnownFileType = sourcecode.swift; path = ProfileViewController.swift; sourceTree = "<group>"; };
		C37476332586185D006517CD /* LoginViewController.swift */ = {isa = PBXFileReference; lastKnownFileType = sourcecode.swift; path = LoginViewController.swift; sourceTree = "<group>"; };
		C374763625861867006517CD /* RegistrationViewController.swift */ = {isa = PBXFileReference; lastKnownFileType = sourcecode.swift; path = RegistrationViewController.swift; sourceTree = "<group>"; };
		C3747639258618C5006517CD /* PostViewController.swift */ = {isa = PBXFileReference; lastKnownFileType = sourcecode.swift; path = PostViewController.swift; sourceTree = "<group>"; };
		C374763C258618D4006517CD /* EditProfileViewController.swift */ = {isa = PBXFileReference; lastKnownFileType = sourcecode.swift; path = EditProfileViewController.swift; sourceTree = "<group>"; };
		C374763F258618E0006517CD /* SettingViewController.swift */ = {isa = PBXFileReference; lastKnownFileType = sourcecode.swift; path = SettingViewController.swift; sourceTree = "<group>"; };
		C3747642258618F5006517CD /* ListViewController.swift */ = {isa = PBXFileReference; lastKnownFileType = sourcecode.swift; path = ListViewController.swift; sourceTree = "<group>"; };
		C374764525861909006517CD /* SearchViewController.swift */ = {isa = PBXFileReference; lastKnownFileType = sourcecode.swift; path = SearchViewController.swift; sourceTree = "<group>"; };
		C374764825861912006517CD /* SearchResultViewController.swift */ = {isa = PBXFileReference; lastKnownFileType = sourcecode.swift; path = SearchResultViewController.swift; sourceTree = "<group>"; };
		C374764B2586195A006517CD /* PostEditorViewController.swift */ = {isa = PBXFileReference; lastKnownFileType = sourcecode.swift; path = PostEditorViewController.swift; sourceTree = "<group>"; };
		C374764E2586196A006517CD /* PublishPostViewController.swift */ = {isa = PBXFileReference; lastKnownFileType = sourcecode.swift; path = PublishPostViewController.swift; sourceTree = "<group>"; };
		C374769B25863C7F006517CD /* GoogleService-Info.plist */ = {isa = PBXFileReference; fileEncoding = 4; lastKnownFileType = text.plist.xml; path = "GoogleService-Info.plist"; sourceTree = "<group>"; };
		C37476A025863FE3006517CD /* DatabaseManager.swift */ = {isa = PBXFileReference; lastKnownFileType = sourcecode.swift; path = DatabaseManager.swift; sourceTree = "<group>"; };
		C37476A4258640A3006517CD /* AuthManager.swift */ = {isa = PBXFileReference; lastKnownFileType = sourcecode.swift; path = AuthManager.swift; sourceTree = "<group>"; };
		C37476A7258640E8006517CD /* StorageManger.swift */ = {isa = PBXFileReference; lastKnownFileType = sourcecode.swift; path = StorageManger.swift; sourceTree = "<group>"; };
		CCE5963AB27004A5717DFB25 /* Pods_Instagram.framework */ = {isa = PBXFileReference; explicitFileType = wrapper.framework; includeInIndex = 0; path = Pods_Instagram.framework; sourceTree = BUILT_PRODUCTS_DIR; };
/* End PBXFileReference section */

/* Begin PBXFrameworksBuildPhase section */
		C374760025861633006517CD /* Frameworks */ = {
			isa = PBXFrameworksBuildPhase;
			buildActionMask = 2147483647;
			files = (
				5C14E12A9BB434EAB553E6EF /* Pods_Instagram.framework in Frameworks */,
			);
			runOnlyForDeploymentPostprocessing = 0;
		};
/* End PBXFrameworksBuildPhase section */

/* Begin PBXGroup section */
		45785737FFBAD513F29E7B11 /* Frameworks */ = {
			isa = PBXGroup;
			children = (
				CCE5963AB27004A5717DFB25 /* Pods_Instagram.framework */,
			);
			name = Frameworks;
			sourceTree = "<group>";
		};
		A878F9F99A9C4A910B1A25BF /* Pods */ = {
			isa = PBXGroup;
			children = (
				9FE4117E1A9A1210971AA77A /* Pods-Instagram.debug.xcconfig */,
				6B3E1FA0307A18FACC9D4644 /* Pods-Instagram.release.xcconfig */,
			);
			path = Pods;
			sourceTree = "<group>";
		};
		C37475FA25861633006517CD = {
			isa = PBXGroup;
			children = (
				C374760525861633006517CD /* Instagram */,
				C374760425861633006517CD /* Products */,
				A878F9F99A9C4A910B1A25BF /* Pods */,
				45785737FFBAD513F29E7B11 /* Frameworks */,
			);
			sourceTree = "<group>";
		};
		C374760425861633006517CD /* Products */ = {
			isa = PBXGroup;
			children = (
				C374760325861633006517CD /* Instagram.app */,
			);
			name = Products;
			sourceTree = "<group>";
		};
		C374760525861633006517CD /* Instagram */ = {
			isa = PBXGroup;
			children = (
				C374761F2586168F006517CD /* Resources */,
				C374761E25861687006517CD /* Models */,
				C374761D25861681006517CD /* Views */,
				C374761B25861673006517CD /* Controllers */,
				C374761425861637006517CD /* Info.plist */,
			);
			path = Instagram;
			sourceTree = "<group>";
		};
		C374761B25861673006517CD /* Controllers */ = {
			isa = PBXGroup;
			children = (
				C37476312586181E006517CD /* Other */,
				C374762F258617B9006517CD /* Core Tabs */,
			);
			path = Controllers;
			sourceTree = "<group>";
		};
		C374761D25861681006517CD /* Views */ = {
			isa = PBXGroup;
			children = (
				C3747620258616DA006517CD /* Storyboards */,
				C374760F25861637006517CD /* Assets.xcassets */,
			);
			path = Views;
			sourceTree = "<group>";
		};
		C374761E25861687006517CD /* Models */ = {
			isa = PBXGroup;
			children = (
			);
			path = Models;
			sourceTree = "<group>";
		};
		C374761F2586168F006517CD /* Resources */ = {
			isa = PBXGroup;
			children = (
				C374760625861633006517CD /* AppDelegate.swift */,
				C374760825861633006517CD /* SceneDelegate.swift */,
				C374769B25863C7F006517CD /* GoogleService-Info.plist */,
				C37476A025863FE3006517CD /* DatabaseManager.swift */,
				C37476A4258640A3006517CD /* AuthManager.swift */,
				C37476A7258640E8006517CD /* StorageManger.swift */,
			);
			path = Resources;
			sourceTree = "<group>";
		};
		C3747620258616DA006517CD /* Storyboards */ = {
			isa = PBXGroup;
			children = (
				C374760C25861633006517CD /* Main.storyboard */,
				C374761125861637006517CD /* LaunchScreen.storyboard */,
			);
			path = Storyboards;
			sourceTree = "<group>";
		};
		C374762F258617B9006517CD /* Core Tabs */ = {
			isa = PBXGroup;
			children = (
				C374760A25861633006517CD /* HomeViewController.swift */,
				C37476292586178B006517CD /* NotificatitionViewController.swift */,
				C374762325861755006517CD /* ExploreViewController.swift */,
				C37476262586176B006517CD /* CameraViewController.swift */,
				C374762C258617A3006517CD /* ProfileViewController.swift */,
			);
			path = "Core Tabs";
			sourceTree = "<group>";
		};
		C37476312586181E006517CD /* Other */ = {
			isa = PBXGroup;
			children = (
				C374763225861831006517CD /* Onboarding */,
				C374769F25863F64006517CD /* General */,
			);
			path = Other;
			sourceTree = "<group>";
		};
		C374763225861831006517CD /* Onboarding */ = {
			isa = PBXGroup;
			children = (
				C37476332586185D006517CD /* LoginViewController.swift */,
				C374763625861867006517CD /* RegistrationViewController.swift */,
			);
			path = Onboarding;
			sourceTree = "<group>";
		};
		C374769F25863F64006517CD /* General */ = {
			isa = PBXGroup;
			children = (
				C3747639258618C5006517CD /* PostViewController.swift */,
				C374763C258618D4006517CD /* EditProfileViewController.swift */,
				C374763F258618E0006517CD /* SettingViewController.swift */,
				C3747642258618F5006517CD /* ListViewController.swift */,
				C374764525861909006517CD /* SearchViewController.swift */,
				C374764825861912006517CD /* SearchResultViewController.swift */,
				C374764B2586195A006517CD /* PostEditorViewController.swift */,
				C374764E2586196A006517CD /* PublishPostViewController.swift */,
			);
			path = General;
			sourceTree = "<group>";
		};
/* End PBXGroup section */

/* Begin PBXNativeTarget section */
		C374760225861633006517CD /* Instagram */ = {
			isa = PBXNativeTarget;
			buildConfigurationList = C374761725861637006517CD /* Build configuration list for PBXNativeTarget "Instagram" */;
			buildPhases = (
				3E6B3EC7DE4D5FC52B051DAD /* [CP] Check Pods Manifest.lock */,
				C37475FF25861633006517CD /* Sources */,
				C374760025861633006517CD /* Frameworks */,
				C374760125861633006517CD /* Resources */,
				1D88097DD57E634464EE67D3 /* [CP] Embed Pods Frameworks */,
			);
			buildRules = (
			);
			dependencies = (
			);
			name = Instagram;
			productName = Instagram;
			productReference = C374760325861633006517CD /* Instagram.app */;
			productType = "com.apple.product-type.application";
		};
/* End PBXNativeTarget section */

/* Begin PBXProject section */
		C37475FB25861633006517CD /* Project object */ = {
			isa = PBXProject;
			attributes = {
				LastSwiftUpdateCheck = 1220;
				LastUpgradeCheck = 1220;
				TargetAttributes = {
					C374760225861633006517CD = {
						CreatedOnToolsVersion = 12.2;
					};
				};
			};
			buildConfigurationList = C37475FE25861633006517CD /* Build configuration list for PBXProject "Instagram" */;
			compatibilityVersion = "Xcode 9.3";
			developmentRegion = en;
			hasScannedForEncodings = 0;
			knownRegions = (
				en,
				Base,
			);
			mainGroup = C37475FA25861633006517CD;
			productRefGroup = C374760425861633006517CD /* Products */;
			projectDirPath = "";
			projectRoot = "";
			targets = (
				C374760225861633006517CD /* Instagram */,
			);
		};
/* End PBXProject section */

/* Begin PBXResourcesBuildPhase section */
		C374760125861633006517CD /* Resources */ = {
			isa = PBXResourcesBuildPhase;
			buildActionMask = 2147483647;
			files = (
				C374761325861637006517CD /* LaunchScreen.storyboard in Resources */,
				C374761025861637006517CD /* Assets.xcassets in Resources */,
				C374769C25863C7F006517CD /* GoogleService-Info.plist in Resources */,
				C374760E25861633006517CD /* Main.storyboard in Resources */,
			);
			runOnlyForDeploymentPostprocessing = 0;
		};
/* End PBXResourcesBuildPhase section */

/* Begin PBXShellScriptBuildPhase section */
		1D88097DD57E634464EE67D3 /* [CP] Embed Pods Frameworks */ = {
			isa = PBXShellScriptBuildPhase;
			buildActionMask = 2147483647;
			files = (
			);
			inputFileListPaths = (
				"${PODS_ROOT}/Target Support Files/Pods-Instagram/Pods-Instagram-frameworks-${CONFIGURATION}-input-files.xcfilelist",
			);
			name = "[CP] Embed Pods Frameworks";
			outputFileListPaths = (
				"${PODS_ROOT}/Target Support Files/Pods-Instagram/Pods-Instagram-frameworks-${CONFIGURATION}-output-files.xcfilelist",
			);
			runOnlyForDeploymentPostprocessing = 0;
			shellPath = /bin/sh;
			shellScript = "\"${PODS_ROOT}/Target Support Files/Pods-Instagram/Pods-Instagram-frameworks.sh\"\n";
			showEnvVarsInLog = 0;
		};
		3E6B3EC7DE4D5FC52B051DAD /* [CP] Check Pods Manifest.lock */ = {
			isa = PBXShellScriptBuildPhase;
			buildActionMask = 2147483647;
			files = (
			);
			inputFileListPaths = (
			);
			inputPaths = (
				"${PODS_PODFILE_DIR_PATH}/Podfile.lock",
				"${PODS_ROOT}/Manifest.lock",
			);
			name = "[CP] Check Pods Manifest.lock";
			outputFileListPaths = (
			);
			outputPaths = (
				"$(DERIVED_FILE_DIR)/Pods-Instagram-checkManifestLockResult.txt",
			);
			runOnlyForDeploymentPostprocessing = 0;
			shellPath = /bin/sh;
			shellScript = "diff \"${PODS_PODFILE_DIR_PATH}/Podfile.lock\" \"${PODS_ROOT}/Manifest.lock\" > /dev/null\nif [ $? != 0 ] ; then\n    # print error to STDERR\n    echo \"error: The sandbox is not in sync with the Podfile.lock. Run 'pod install' or update your CocoaPods installation.\" >&2\n    exit 1\nfi\n# This output is used by Xcode 'outputs' to avoid re-running this script phase.\necho \"SUCCESS\" > \"${SCRIPT_OUTPUT_FILE_0}\"\n";
			showEnvVarsInLog = 0;
		};
/* End PBXShellScriptBuildPhase section */

/* Begin PBXSourcesBuildPhase section */
		C37475FF25861633006517CD /* Sources */ = {
			isa = PBXSourcesBuildPhase;
			buildActionMask = 2147483647;
			files = (
				C374763D258618D4006517CD /* EditProfileViewController.swift in Sources */,
				C374762A2586178B006517CD /* NotificatitionViewController.swift in Sources */,
				C374764F2586196A006517CD /* PublishPostViewController.swift in Sources */,
				C374762425861755006517CD /* ExploreViewController.swift in Sources */,
				C37476272586176B006517CD /* CameraViewController.swift in Sources */,
				C374763725861867006517CD /* RegistrationViewController.swift in Sources */,
				C374764C2586195A006517CD /* PostEditorViewController.swift in Sources */,
				C374763A258618C5006517CD /* PostViewController.swift in Sources */,
				C37476A125863FE3006517CD /* DatabaseManager.swift in Sources */,
				C374760B25861633006517CD /* HomeViewController.swift in Sources */,
				C374764925861912006517CD /* SearchResultViewController.swift in Sources */,
				C37476342586185D006517CD /* LoginViewController.swift in Sources */,
				C374764625861909006517CD /* SearchViewController.swift in Sources */,
				C37476A8258640E8006517CD /* StorageManger.swift in Sources */,
				C374762D258617A3006517CD /* ProfileViewController.swift in Sources */,
				C37476A5258640A3006517CD /* AuthManager.swift in Sources */,
				C374760725861633006517CD /* AppDelegate.swift in Sources */,
				C374760925861633006517CD /* SceneDelegate.swift in Sources */,
				C3747643258618F5006517CD /* ListViewController.swift in Sources */,
				C3747640258618E0006517CD /* SettingViewController.swift in Sources */,
			);
			runOnlyForDeploymentPostprocessing = 0;
		};
/* End PBXSourcesBuildPhase section */

/* Begin PBXVariantGroup section */
		C374760C25861633006517CD /* Main.storyboard */ = {
			isa = PBXVariantGroup;
			children = (
				C374760D25861633006517CD /* Base */,
			);
			name = Main.storyboard;
			sourceTree = "<group>";
		};
		C374761125861637006517CD /* LaunchScreen.storyboard */ = {
			isa = PBXVariantGroup;
			children = (
				C374761225861637006517CD /* Base */,
			);
			name = LaunchScreen.storyboard;
			sourceTree = "<group>";
		};
/* End PBXVariantGroup section */

/* Begin XCBuildConfiguration section */
		C374761525861637006517CD /* Debug */ = {
			isa = XCBuildConfiguration;
			buildSettings = {
				ALWAYS_SEARCH_USER_PATHS = NO;
				CLANG_ANALYZER_NONNULL = YES;
				CLANG_ANALYZER_NUMBER_OBJECT_CONVERSION = YES_AGGRESSIVE;
				CLANG_CXX_LANGUAGE_STANDARD = "gnu++14";
				CLANG_CXX_LIBRARY = "libc++";
				CLANG_ENABLE_MODULES = YES;
				CLANG_ENABLE_OBJC_ARC = YES;
				CLANG_ENABLE_OBJC_WEAK = YES;
				CLANG_WARN_BLOCK_CAPTURE_AUTORELEASING = YES;
				CLANG_WARN_BOOL_CONVERSION = YES;
				CLANG_WARN_COMMA = YES;
				CLANG_WARN_CONSTANT_CONVERSION = YES;
				CLANG_WARN_DEPRECATED_OBJC_IMPLEMENTATIONS = YES;
				CLANG_WARN_DIRECT_OBJC_ISA_USAGE = YES_ERROR;
				CLANG_WARN_DOCUMENTATION_COMMENTS = YES;
				CLANG_WARN_EMPTY_BODY = YES;
				CLANG_WARN_ENUM_CONVERSION = YES;
				CLANG_WARN_INFINITE_RECURSION = YES;
				CLANG_WARN_INT_CONVERSION = YES;
				CLANG_WARN_NON_LITERAL_NULL_CONVERSION = YES;
				CLANG_WARN_OBJC_IMPLICIT_RETAIN_SELF = YES;
				CLANG_WARN_OBJC_LITERAL_CONVERSION = YES;
				CLANG_WARN_OBJC_ROOT_CLASS = YES_ERROR;
				CLANG_WARN_QUOTED_INCLUDE_IN_FRAMEWORK_HEADER = YES;
				CLANG_WARN_RANGE_LOOP_ANALYSIS = YES;
				CLANG_WARN_STRICT_PROTOTYPES = YES;
				CLANG_WARN_SUSPICIOUS_MOVE = YES;
				CLANG_WARN_UNGUARDED_AVAILABILITY = YES_AGGRESSIVE;
				CLANG_WARN_UNREACHABLE_CODE = YES;
				CLANG_WARN__DUPLICATE_METHOD_MATCH = YES;
				COPY_PHASE_STRIP = NO;
				DEBUG_INFORMATION_FORMAT = dwarf;
				ENABLE_STRICT_OBJC_MSGSEND = YES;
				ENABLE_TESTABILITY = YES;
				GCC_C_LANGUAGE_STANDARD = gnu11;
				GCC_DYNAMIC_NO_PIC = NO;
				GCC_NO_COMMON_BLOCKS = YES;
				GCC_OPTIMIZATION_LEVEL = 0;
				GCC_PREPROCESSOR_DEFINITIONS = (
					"DEBUG=1",
					"$(inherited)",
				);
				GCC_WARN_64_TO_32_BIT_CONVERSION = YES;
				GCC_WARN_ABOUT_RETURN_TYPE = YES_ERROR;
				GCC_WARN_UNDECLARED_SELECTOR = YES;
				GCC_WARN_UNINITIALIZED_AUTOS = YES_AGGRESSIVE;
				GCC_WARN_UNUSED_FUNCTION = YES;
				GCC_WARN_UNUSED_VARIABLE = YES;
				IPHONEOS_DEPLOYMENT_TARGET = 14.2;
				MTL_ENABLE_DEBUG_INFO = INCLUDE_SOURCE;
				MTL_FAST_MATH = YES;
				ONLY_ACTIVE_ARCH = YES;
				SDKROOT = iphoneos;
				SWIFT_ACTIVE_COMPILATION_CONDITIONS = DEBUG;
				SWIFT_OPTIMIZATION_LEVEL = "-Onone";
			};
			name = Debug;
		};
		C374761625861637006517CD /* Release */ = {
			isa = XCBuildConfiguration;
			buildSettings = {
				ALWAYS_SEARCH_USER_PATHS = NO;
				CLANG_ANALYZER_NONNULL = YES;
				CLANG_ANALYZER_NUMBER_OBJECT_CONVERSION = YES_AGGRESSIVE;
				CLANG_CXX_LANGUAGE_STANDARD = "gnu++14";
				CLANG_CXX_LIBRARY = "libc++";
				CLANG_ENABLE_MODULES = YES;
				CLANG_ENABLE_OBJC_ARC = YES;
				CLANG_ENABLE_OBJC_WEAK = YES;
				CLANG_WARN_BLOCK_CAPTURE_AUTORELEASING = YES;
				CLANG_WARN_BOOL_CONVERSION = YES;
				CLANG_WARN_COMMA = YES;
				CLANG_WARN_CONSTANT_CONVERSION = YES;
				CLANG_WARN_DEPRECATED_OBJC_IMPLEMENTATIONS = YES;
				CLANG_WARN_DIRECT_OBJC_ISA_USAGE = YES_ERROR;
				CLANG_WARN_DOCUMENTATION_COMMENTS = YES;
				CLANG_WARN_EMPTY_BODY = YES;
				CLANG_WARN_ENUM_CONVERSION = YES;
				CLANG_WARN_INFINITE_RECURSION = YES;
				CLANG_WARN_INT_CONVERSION = YES;
				CLANG_WARN_NON_LITERAL_NULL_CONVERSION = YES;
				CLANG_WARN_OBJC_IMPLICIT_RETAIN_SELF = YES;
				CLANG_WARN_OBJC_LITERAL_CONVERSION = YES;
				CLANG_WARN_OBJC_ROOT_CLASS = YES_ERROR;
				CLANG_WARN_QUOTED_INCLUDE_IN_FRAMEWORK_HEADER = YES;
				CLANG_WARN_RANGE_LOOP_ANALYSIS = YES;
				CLANG_WARN_STRICT_PROTOTYPES = YES;
				CLANG_WARN_SUSPICIOUS_MOVE = YES;
				CLANG_WARN_UNGUARDED_AVAILABILITY = YES_AGGRESSIVE;
				CLANG_WARN_UNREACHABLE_CODE = YES;
				CLANG_WARN__DUPLICATE_METHOD_MATCH = YES;
				COPY_PHASE_STRIP = NO;
				DEBUG_INFORMATION_FORMAT = "dwarf-with-dsym";
				ENABLE_NS_ASSERTIONS = NO;
				ENABLE_STRICT_OBJC_MSGSEND = YES;
				GCC_C_LANGUAGE_STANDARD = gnu11;
				GCC_NO_COMMON_BLOCKS = YES;
				GCC_WARN_64_TO_32_BIT_CONVERSION = YES;
				GCC_WARN_ABOUT_RETURN_TYPE = YES_ERROR;
				GCC_WARN_UNDECLARED_SELECTOR = YES;
				GCC_WARN_UNINITIALIZED_AUTOS = YES_AGGRESSIVE;
				GCC_WARN_UNUSED_FUNCTION = YES;
				GCC_WARN_UNUSED_VARIABLE = YES;
				IPHONEOS_DEPLOYMENT_TARGET = 14.2;
				MTL_ENABLE_DEBUG_INFO = NO;
				MTL_FAST_MATH = YES;
				SDKROOT = iphoneos;
				SWIFT_COMPILATION_MODE = wholemodule;
				SWIFT_OPTIMIZATION_LEVEL = "-O";
				VALIDATE_PRODUCT = YES;
			};
			name = Release;
		};
		C374761825861637006517CD /* Debug */ = {
			isa = XCBuildConfiguration;
			baseConfigurationReference = 9FE4117E1A9A1210971AA77A /* Pods-Instagram.debug.xcconfig */;
			buildSettings = {
				ASSETCATALOG_COMPILER_APPICON_NAME = AppIcon;
				ASSETCATALOG_COMPILER_GLOBAL_ACCENT_COLOR_NAME = AccentColor;
				CODE_SIGN_STYLE = Automatic;
				DEVELOPMENT_TEAM = 4QC3T6DL7U;
				INFOPLIST_FILE = Instagram/Info.plist;
				LD_RUNPATH_SEARCH_PATHS = (
					"$(inherited)",
					"@executable_path/Frameworks",
				);
				PRODUCT_BUNDLE_IDENTIFIER = "roger-yuen-yrh.Instagram";
				PRODUCT_NAME = "$(TARGET_NAME)";
				SWIFT_VERSION = 5.0;
				TARGETED_DEVICE_FAMILY = "1,2";
			};
			name = Debug;
		};
		C374761925861637006517CD /* Release */ = {
			isa = XCBuildConfiguration;
			baseConfigurationReference = 6B3E1FA0307A18FACC9D4644 /* Pods-Instagram.release.xcconfig */;
			buildSettings = {
				ASSETCATALOG_COMPILER_APPICON_NAME = AppIcon;
				ASSETCATALOG_COMPILER_GLOBAL_ACCENT_COLOR_NAME = AccentColor;
				CODE_SIGN_STYLE = Automatic;
				DEVELOPMENT_TEAM = 4QC3T6DL7U;
				INFOPLIST_FILE = Instagram/Info.plist;
				LD_RUNPATH_SEARCH_PATHS = (
					"$(inherited)",
					"@executable_path/Frameworks",
				);
				PRODUCT_BUNDLE_IDENTIFIER = "roger-yuen-yrh.Instagram";
				PRODUCT_NAME = "$(TARGET_NAME)";
				SWIFT_VERSION = 5.0;
				TARGETED_DEVICE_FAMILY = "1,2";
			};
			name = Release;
		};
/* End XCBuildConfiguration section */

/* Begin XCConfigurationList section */
		C37475FE25861633006517CD /* Build configuration list for PBXProject "Instagram" */ = {
			isa = XCConfigurationList;
			buildConfigurations = (
				C374761525861637006517CD /* Debug */,
				C374761625861637006517CD /* Release */,
			);
			defaultConfigurationIsVisible = 0;
			defaultConfigurationName = Release;
		};
		C374761725861637006517CD /* Build configuration list for PBXNativeTarget "Instagram" */ = {
			isa = XCConfigurationList;
			buildConfigurations = (
				C374761825861637006517CD /* Debug */,
				C374761925861637006517CD /* Release */,
			);
			defaultConfigurationIsVisible = 0;
			defaultConfigurationName = Release;
		};
/* End XCConfigurationList section */
	};
	rootObject = C37475FB25861633006517CD /* Project object */;
}
